// !$*UTF8*$!
{
	archiveVersion = 1;
	classes = {
	};
	objectVersion = 46;
	objects = {

/* Begin PBXBuildFile section */
		C956EC931B688D1A00C0EA71 /* AppKit.framework in Frameworks */ = {isa = PBXBuildFile; fileRef = C956EC921B688D1A00C0EA71 /* AppKit.framework */; };
		C956EC951B688D1A00C0EA71 /* Foundation.framework in Frameworks */ = {isa = PBXBuildFile; fileRef = C956EC941B688D1A00C0EA71 /* Foundation.framework */; };
		C956EC9A1B688D1A00C0EA71 /* FilcoAppKey.xcscheme in Resources */ = {isa = PBXBuildFile; fileRef = C956EC991B688D1A00C0EA71 /* FilcoAppKey.xcscheme */; };
		C956EC9D1B688D1A00C0EA71 /* FilcoAppKey.m in Sources */ = {isa = PBXBuildFile; fileRef = C956EC9C1B688D1A00C0EA71 /* FilcoAppKey.m */; };
		C956ECA01B688D1A00C0EA71 /* NSObject_Extension.m in Sources */ = {isa = PBXBuildFile; fileRef = C956EC9F1B688D1A00C0EA71 /* NSObject_Extension.m */; };
/* End PBXBuildFile section */

/* Begin PBXFileReference section */
		C956EC8F1B688D1A00C0EA71 /* FilcoAppKey.xcplugin */ = {isa = PBXFileReference; explicitFileType = wrapper.cfbundle; includeInIndex = 0; path = FilcoAppKey.xcplugin; sourceTree = BUILT_PRODUCTS_DIR; };
		C956EC921B688D1A00C0EA71 /* AppKit.framework */ = {isa = PBXFileReference; lastKnownFileType = wrapper.framework; name = AppKit.framework; path = /System/Library/Frameworks/AppKit.framework; sourceTree = "<absolute>"; };
		C956EC941B688D1A00C0EA71 /* Foundation.framework */ = {isa = PBXFileReference; lastKnownFileType = wrapper.framework; name = Foundation.framework; path = /System/Library/Frameworks/Foundation.framework; sourceTree = "<absolute>"; };
		C956EC981B688D1A00C0EA71 /* Info.plist */ = {isa = PBXFileReference; lastKnownFileType = text.plist.xml; path = Info.plist; sourceTree = "<group>"; };
		C956EC991B688D1A00C0EA71 /* FilcoAppKey.xcscheme */ = {isa = PBXFileReference; lastKnownFileType = text.xml; name = FilcoAppKey.xcscheme; path = FilcoAppKey.xcodeproj/xcshareddata/xcschemes/FilcoAppKey.xcscheme; sourceTree = SOURCE_ROOT; };
		C956EC9B1B688D1A00C0EA71 /* FilcoAppKey.h */ = {isa = PBXFileReference; lastKnownFileType = sourcecode.c.h; path = FilcoAppKey.h; sourceTree = "<group>"; };
		C956EC9C1B688D1A00C0EA71 /* FilcoAppKey.m */ = {isa = PBXFileReference; lastKnownFileType = sourcecode.c.objc; path = FilcoAppKey.m; sourceTree = "<group>"; };
		C956EC9E1B688D1A00C0EA71 /* NSObject_Extension.h */ = {isa = PBXFileReference; lastKnownFileType = sourcecode.c.h; path = NSObject_Extension.h; sourceTree = "<group>"; };
		C956EC9F1B688D1A00C0EA71 /* NSObject_Extension.m */ = {isa = PBXFileReference; lastKnownFileType = sourcecode.c.objc; path = NSObject_Extension.m; sourceTree = "<group>"; };
/* End PBXFileReference section */

/* Begin PBXFrameworksBuildPhase section */
		C956EC8D1B688D1A00C0EA71 /* Frameworks */ = {
			isa = PBXFrameworksBuildPhase;
			buildActionMask = 2147483647;
			files = (
				C956EC931B688D1A00C0EA71 /* AppKit.framework in Frameworks */,
				C956EC951B688D1A00C0EA71 /* Foundation.framework in Frameworks */,
			);
			runOnlyForDeploymentPostprocessing = 0;
		};
/* End PBXFrameworksBuildPhase section */

/* Begin PBXGroup section */
		C956EC861B688D1A00C0EA71 = {
			isa = PBXGroup;
			children = (
				C956EC961B688D1A00C0EA71 /* FilcoAppKey */,
				C956EC911B688D1A00C0EA71 /* Frameworks */,
				C956EC901B688D1A00C0EA71 /* Products */,
			);
			sourceTree = "<group>";
		};
		C956EC901B688D1A00C0EA71 /* Products */ = {
			isa = PBXGroup;
			children = (
				C956EC8F1B688D1A00C0EA71 /* FilcoAppKey.xcplugin */,
			);
			name = Products;
			sourceTree = "<group>";
		};
		C956EC911B688D1A00C0EA71 /* Frameworks */ = {
			isa = PBXGroup;
			children = (
				C956EC921B688D1A00C0EA71 /* AppKit.framework */,
				C956EC941B688D1A00C0EA71 /* Foundation.framework */,
			);
			name = Frameworks;
			sourceTree = "<group>";
		};
		C956EC961B688D1A00C0EA71 /* FilcoAppKey */ = {
			isa = PBXGroup;
			children = (
				C956EC9B1B688D1A00C0EA71 /* FilcoAppKey.h */,
				C956EC9C1B688D1A00C0EA71 /* FilcoAppKey.m */,
				C956EC9E1B688D1A00C0EA71 /* NSObject_Extension.h */,
				C956EC9F1B688D1A00C0EA71 /* NSObject_Extension.m */,
				C956EC971B688D1A00C0EA71 /* Supporting Files */,
			);
			path = FilcoAppKey;
			sourceTree = "<group>";
		};
		C956EC971B688D1A00C0EA71 /* Supporting Files */ = {
			isa = PBXGroup;
			children = (
				C956EC981B688D1A00C0EA71 /* Info.plist */,
				C956EC991B688D1A00C0EA71 /* FilcoAppKey.xcscheme */,
			);
			name = "Supporting Files";
			sourceTree = "<group>";
		};
/* End PBXGroup section */

/* Begin PBXNativeTarget section */
		C956EC8E1B688D1A00C0EA71 /* FilcoAppKey */ = {
			isa = PBXNativeTarget;
			buildConfigurationList = C956ECA31B688D1A00C0EA71 /* Build configuration list for PBXNativeTarget "FilcoAppKey" */;
			buildPhases = (
				C956EC8B1B688D1A00C0EA71 /* Sources */,
				C956EC8C1B688D1A00C0EA71 /* Resources */,
				C956EC8D1B688D1A00C0EA71 /* Frameworks */,
			);
			buildRules = (
			);
			dependencies = (
			);
			name = FilcoAppKey;
			productName = FilcoAppKey;
			productReference = C956EC8F1B688D1A00C0EA71 /* FilcoAppKey.xcplugin */;
			productType = "com.apple.product-type.bundle";
		};
/* End PBXNativeTarget section */

/* Begin PBXProject section */
		C956EC871B688D1A00C0EA71 /* Project object */ = {
			isa = PBXProject;
			attributes = {
				LastUpgradeCheck = 0640;
				ORGANIZATIONNAME = "北京易客信息技术有限公司";
				TargetAttributes = {
					C956EC8E1B688D1A00C0EA71 = {
						CreatedOnToolsVersion = 6.4;
					};
				};
			};
			buildConfigurationList = C956EC8A1B688D1A00C0EA71 /* Build configuration list for PBXProject "FilcoAppKey" */;
			compatibilityVersion = "Xcode 3.2";
			developmentRegion = English;
			hasScannedForEncodings = 0;
			knownRegions = (
				en,
			);
			mainGroup = C956EC861B688D1A00C0EA71;
			productRefGroup = C956EC901B688D1A00C0EA71 /* Products */;
			projectDirPath = "";
			projectRoot = "";
			targets = (
				C956EC8E1B688D1A00C0EA71 /* FilcoAppKey */,
			);
		};
/* End PBXProject section */

/* Begin PBXResourcesBuildPhase section */
		C956EC8C1B688D1A00C0EA71 /* Resources */ = {
			isa = PBXResourcesBuildPhase;
			buildActionMask = 2147483647;
			files = (
				C956EC9A1B688D1A00C0EA71 /* FilcoAppKey.xcscheme in Resources */,
			);
			runOnlyForDeploymentPostprocessing = 0;
		};
/* End PBXResourcesBuildPhase section */

/* Begin PBXSourcesBuildPhase section */
		C956EC8B1B688D1A00C0EA71 /* Sources */ = {
			isa = PBXSourcesBuildPhase;
			buildActionMask = 2147483647;
			files = (
				C956EC9D1B688D1A00C0EA71 /* FilcoAppKey.m in Sources */,
				C956ECA01B688D1A00C0EA71 /* NSObject_Extension.m in Sources */,
			);
			runOnlyForDeploymentPostprocessing = 0;
		};
/* End PBXSourcesBuildPhase section */

/* Begin XCBuildConfiguration section */
		C956ECA11B688D1A00C0EA71 /* Debug */ = {
			isa = XCBuildConfiguration;
			buildSettings = {
				ALWAYS_SEARCH_USER_PATHS = NO;
				CLANG_CXX_LANGUAGE_STANDARD = "gnu++0x";
				CLANG_CXX_LIBRARY = "libc++";
				CLANG_ENABLE_MODULES = YES;
				CLANG_ENABLE_OBJC_ARC = YES;
				CLANG_WARN_BOOL_CONVERSION = YES;
				CLANG_WARN_CONSTANT_CONVERSION = YES;
				CLANG_WARN_DIRECT_OBJC_ISA_USAGE = YES_ERROR;
				CLANG_WARN_EMPTY_BODY = YES;
				CLANG_WARN_ENUM_CONVERSION = YES;
				CLANG_WARN_INT_CONVERSION = YES;
				CLANG_WARN_OBJC_ROOT_CLASS = YES_ERROR;
				CLANG_WARN_UNREACHABLE_CODE = YES;
				CLANG_WARN__DUPLICATE_METHOD_MATCH = YES;
				COPY_PHASE_STRIP = NO;
				ENABLE_STRICT_OBJC_MSGSEND = YES;
				GCC_C_LANGUAGE_STANDARD = gnu99;
				GCC_DYNAMIC_NO_PIC = NO;
				GCC_NO_COMMON_BLOCKS = YES;
				GCC_OPTIMIZATION_LEVEL = 0;
				GCC_PREPROCESSOR_DEFINITIONS = (
					"DEBUG=1",
					"$(inherited)",
				);
				GCC_SYMBOLS_PRIVATE_EXTERN = NO;
				GCC_WARN_64_TO_32_BIT_CONVERSION = YES;
				GCC_WARN_ABOUT_RETURN_TYPE = YES_ERROR;
				GCC_WARN_UNDECLARED_SELECTOR = YES;
				GCC_WARN_UNINITIALIZED_AUTOS = YES_AGGRESSIVE;
				GCC_WARN_UNUSED_FUNCTION = YES;
				GCC_WARN_UNUSED_VARIABLE = YES;
				MTL_ENABLE_DEBUG_INFO = YES;
				ONLY_ACTIVE_ARCH = YES;
			};
			name = Debug;
		};
		C956ECA21B688D1A00C0EA71 /* Release */ = {
			isa = XCBuildConfiguration;
			buildSettings = {
				ALWAYS_SEARCH_USER_PATHS = NO;
				CLANG_CXX_LANGUAGE_STANDARD = "gnu++0x";
				CLANG_CXX_LIBRARY = "libc++";
				CLANG_ENABLE_MODULES = YES;
				CLANG_ENABLE_OBJC_ARC = YES;
				CLANG_WARN_BOOL_CONVERSION = YES;
				CLANG_WARN_CONSTANT_CONVERSION = YES;
				CLANG_WARN_DIRECT_OBJC_ISA_USAGE = YES_ERROR;
				CLANG_WARN_EMPTY_BODY = YES;
				CLANG_WARN_ENUM_CONVERSION = YES;
				CLANG_WARN_INT_CONVERSION = YES;
				CLANG_WARN_OBJC_ROOT_CLASS = YES_ERROR;
				CLANG_WARN_UNREACHABLE_CODE = YES;
				CLANG_WARN__DUPLICATE_METHOD_MATCH = YES;
				COPY_PHASE_STRIP = NO;
				ENABLE_NS_ASSERTIONS = NO;
				ENABLE_STRICT_OBJC_MSGSEND = YES;
				GCC_C_LANGUAGE_STANDARD = gnu99;
				GCC_NO_COMMON_BLOCKS = YES;
				GCC_WARN_64_TO_32_BIT_CONVERSION = YES;
				GCC_WARN_ABOUT_RETURN_TYPE = YES_ERROR;
				GCC_WARN_UNDECLARED_SELECTOR = YES;
				GCC_WARN_UNINITIALIZED_AUTOS = YES_AGGRESSIVE;
				GCC_WARN_UNUSED_FUNCTION = YES;
				GCC_WARN_UNUSED_VARIABLE = YES;
				MTL_ENABLE_DEBUG_INFO = NO;
			};
			name = Release;
		};
		C956ECA41B688D1A00C0EA71 /* Debug */ = {
			isa = XCBuildConfiguration;
			buildSettings = {
				COMBINE_HIDPI_IMAGES = YES;
				DEPLOYMENT_LOCATION = YES;
				DSTROOT = "$(HOME)";
				INFOPLIST_FILE = FilcoAppKey/Info.plist;
				INSTALL_PATH = "/Library/Application Support/Developer/Shared/Xcode/Plug-ins";
				MACOSX_DEPLOYMENT_TARGET = 10.10;
				PRODUCT_NAME = "$(TARGET_NAME)";
				WRAPPER_EXTENSION = xcplugin;
			};
			name = Debug;
		};
		C956ECA51B688D1A00C0EA71 /* Release */ = {
			isa = XCBuildConfiguration;
			buildSettings = {
				COMBINE_HIDPI_IMAGES = YES;
				DEPLOYMENT_LOCATION = YES;
				DSTROOT = "$(HOME)";
				INFOPLIST_FILE = FilcoAppKey/Info.plist;
				INSTALL_PATH = "/Library/Application Support/Developer/Shared/Xcode/Plug-ins";
				MACOSX_DEPLOYMENT_TARGET = 10.10;
				PRODUCT_NAME = "$(TARGET_NAME)";
				WRAPPER_EXTENSION = xcplugin;
			};
			name = Release;
		};
/* End XCBuildConfiguration section */

/* Begin XCConfigurationList section */
		C956EC8A1B688D1A00C0EA71 /* Build configuration list for PBXProject "FilcoAppKey" */ = {
			isa = XCConfigurationList;
			buildConfigurations = (
				C956ECA11B688D1A00C0EA71 /* Debug */,
				C956ECA21B688D1A00C0EA71 /* Release */,
			);
			defaultConfigurationIsVisible = 0;
			defaultConfigurationName = Release;
		};
		C956ECA31B688D1A00C0EA71 /* Build configuration list for PBXNativeTarget "FilcoAppKey" */ = {
			isa = XCConfigurationList;
			buildConfigurations = (
				C956ECA41B688D1A00C0EA71 /* Debug */,
				C956ECA51B688D1A00C0EA71 /* Release */,
			);
			defaultConfigurationIsVisible = 0;
		};
/* End XCConfigurationList section */
	};
	rootObject = C956EC871B688D1A00C0EA71 /* Project object */;
}
